
Microsoft Visual Studio Solution File, Format Version 12.00
# Visual Studio Version 16
VisualStudioVersion = 16.0.31624.102
MinimumVisualStudioVersion = 10.0.40219.1
Project("{9A19103F-16F7-4668-BE54-9A1E7A4F7556}") = "PersonalityTest", "PersonalityTest\PersonalityTest.csproj", "{B6A3B828-24FE-4B2A-8C60-F00F13AFDA6A}"
EndProject
Project("{9A19103F-16F7-4668-BE54-9A1E7A4F7556}") = "PersonalityTestSwitch", "PersonalityTestSwitch\PersonalityTestSwitch.csproj", "{E346E27F-EF02-4721-B1F1-6DEC7C57E79B}"
EndProject
Project("{FAE04EC0-301F-11D3-BF4B-00C04F79EFBC}") = "GradingIF", "GradingIF\GradingIF.csproj", "{DF00EA47-7CF7-4990-8336-36833D45718F}"
EndProject
Project("{FAE04EC0-301F-11D3-BF4B-00C04F79EFBC}") = "GradingSwitch", "GradingSwitch\GradingSwitch.csproj", "{73806F5E-B67A-48B6-8803-2597FC72BBE1}"
EndProject
Project("{FAE04EC0-301F-11D3-BF4B-00C04F79EFBC}") = "CatsAndDogs", "CatsAndDogs\CatsAndDogs.csproj", "{1D6F4F3C-2980-48F6-A16E-E31A4BA2FD9D}"
EndProject
Global
	GlobalSection(SolutionConfigurationPlatforms) = preSolution
		Debug|Any CPU = Debug|Any CPU
		Release|Any CPU = Release|Any CPU
	EndGlobalSection
	GlobalSection(ProjectConfigurationPlatforms) = postSolution
		{B6A3B828-24FE-4B2A-8C60-F00F13AFDA6A}.Debug|Any CPU.ActiveCfg = Debug|Any CPU
		{B6A3B828-24FE-4B2A-8C60-F00F13AFDA6A}.Debug|Any CPU.Build.0 = Debug|Any CPU
		{B6A3B828-24FE-4B2A-8C60-F00F13AFDA6A}.Release|Any CPU.ActiveCfg = Release|Any CPU
		{B6A3B828-24FE-4B2A-8C60-F00F13AFDA6A}.Release|Any CPU.Build.0 = Release|Any CPU
		{E346E27F-EF02-4721-B1F1-6DEC7C57E79B}.Debug|Any CPU.ActiveCfg = Debug|Any CPU
		{E346E27F-EF02-4721-B1F1-6DEC7C57E79B}.Debug|Any CPU.Build.0 = Debug|Any CPU
		{E346E27F-EF02-4721-B1F1-6DEC7C57E79B}.Release|Any CPU.ActiveCfg = Release|Any CPU
		{E346E27F-EF02-4721-B1F1-6DEC7C57E79B}.Release|Any CPU.Build.0 = Release|Any CPU
		{DF00EA47-7CF7-4990-8336-36833D45718F}.Debug|Any CPU.ActiveCfg = Debug|Any CPU
		{DF00EA47-7CF7-4990-8336-36833D45718F}.Debug|Any CPU.Build.0 = Debug|Any CPU
		{DF00EA47-7CF7-4990-8336-36833D45718F}.Release|Any CPU.ActiveCfg = Release|Any CPU
		{DF00EA47-7CF7-4990-8336-36833D45718F}.Release|Any CPU.Build.0 = Release|Any CPU
		{73806F5E-B67A-48B6-8803-2597FC72BBE1}.Debug|Any CPU.ActiveCfg = Debug|Any CPU
		{73806F5E-B67A-48B6-8803-2597FC72BBE1}.Debug|Any CPU.Build.0 = Debug|Any CPU
		{73806F5E-B67A-48B6-8803-2597FC72BBE1}.Release|Any CPU.ActiveCfg = Release|Any CPU
		{73806F5E-B67A-48B6-8803-2597FC72BBE1}.Release|Any CPU.Build.0 = Release|Any CPU
		{1D6F4F3C-2980-48F6-A16E-E31A4BA2FD9D}.Debug|Any CPU.ActiveCfg = Debug|Any CPU
		{1D6F4F3C-2980-48F6-A16E-E31A4BA2FD9D}.Debug|Any CPU.Build.0 = Debug|Any CPU
		{1D6F4F3C-2980-48F6-A16E-E31A4BA2FD9D}.Release|Any CPU.ActiveCfg = Release|Any CPU
		{1D6F4F3C-2980-48F6-A16E-E31A4BA2FD9D}.Release|Any CPU.Build.0 = Release|Any CPU
	EndGlobalSection
	GlobalSection(SolutionProperties) = preSolution
		HideSolutionNode = FALSE
	EndGlobalSection
	GlobalSection(ExtensibilityGlobals) = postSolution
		SolutionGuid = {C07220D4-81E2-4E3E-94BD-5353D2A66D6C}
	EndGlobalSection
EndGlobal
